
Microsoft Visual Studio Solution File, Format Version 12.00
# Visual Studio Version 17
VisualStudioVersion = 17.0.32112.339
MinimumVisualStudioVersion = 10.0.40219.1
Project("{2150E333-8FDC-42A3-9474-1A3956D46DE8}") = "Order", "Order", "{7F5CB037-98FF-44CD-A01B-F99397EDA9FD}"
EndProject
Project("{2150E333-8FDC-42A3-9474-1A3956D46DE8}") = "Customer", "Customer", "{994DEE51-0FD5-4C7E-8D9E-6CD63E722EE1}"
EndProject
Project("{9A19103F-16F7-4668-BE54-9A1E7A4F7556}") = "ShoppyEx.Customer.Api", "ShoppyEx.Customer.Api\ShoppyEx.Customer.Api.csproj", "{20196E77-2C1B-42D4-B70E-53021E3BDCC3}"
EndProject
Project("{2150E333-8FDC-42A3-9474-1A3956D46DE8}") = "Aggregator", "Aggregator", "{BC3D16FA-6347-40B8-8F91-E3ABC350B590}"
EndProject
Project("{9A19103F-16F7-4668-BE54-9A1E7A4F7556}") = "ShoppyEx.Aggregator.Api", "ShoppyEx.Aggregator.Api\ShoppyEx.Aggregator.Api.csproj", "{34C0D9E3-9E7A-439B-8AAB-96B0ED870F97}"
EndProject
Project("{9A19103F-16F7-4668-BE54-9A1E7A4F7556}") = "ShoppyEx.Customer.Core", "ShoppyEx.Customer.Core\ShoppyEx.Customer.Core.csproj", "{6C67E62C-E4EF-4B44-BCDD-5C45AAA1CA09}"
EndProject
Project("{9A19103F-16F7-4668-BE54-9A1E7A4F7556}") = "ShoppyEx.Customer.Infrastructure", "ShoppyEx.Customer.Infrastructure\ShoppyEx.Customer.Infrastructure.csproj", "{AC587306-EAC7-4449-923E-56BE2AB59B1F}"
EndProject
Project("{2150E333-8FDC-42A3-9474-1A3956D46DE8}") = "SharedKernel", "SharedKernel", "{78585005-26BA-41AD-9BEF-0D9C4ADE5C21}"
EndProject
Project("{9A19103F-16F7-4668-BE54-9A1E7A4F7556}") = "ShoppyEx.SharedKernel.SeedWork", "ShoppyEx.SharedKernel.SeedWork\ShoppyEx.SharedKernel.SeedWork.csproj", "{FC3759DF-0834-4092-BAC2-E51D74825217}"
EndProject
Project("{2150E333-8FDC-42A3-9474-1A3956D46DE8}") = "Product", "Product", "{7171633D-5980-4825-95A0-5C6352F9480A}"
EndProject
Project("{9A19103F-16F7-4668-BE54-9A1E7A4F7556}") = "ShoppyEx.Product.Api", "ShoppyEx.Product.Api\ShoppyEx.Product.Api.csproj", "{339F02E7-A9C2-4A88-81BC-C20355A7BDCE}"
EndProject
Project("{9A19103F-16F7-4668-BE54-9A1E7A4F7556}") = "ShoppyEx.Product.Core", "ShoppyEx.Product.Core\ShoppyEx.Product.Core.csproj", "{37ACCC01-F35D-47A7-A0FA-BDF246521719}"
EndProject
Project("{9A19103F-16F7-4668-BE54-9A1E7A4F7556}") = "ShoppyEx.Product.Infrastructure", "ShoppyEx.Product.Infrastructure\ShoppyEx.Product.Infrastructure.csproj", "{417F85BB-9619-4EBA-ABF5-3F57475D7F78}"
EndProject
Project("{9A19103F-16F7-4668-BE54-9A1E7A4F7556}") = "ShoppyEx.Order.Api", "ShoppyEx.Order.Api\ShoppyEx.Order.Api.csproj", "{E6B30060-3817-4E8D-9785-B664CE0BD54A}"
EndProject
Project("{9A19103F-16F7-4668-BE54-9A1E7A4F7556}") = "ShoppyEx.Order.Core", "ShoppyEx.Order.Core\ShoppyEx.Order.Core.csproj", "{EE9ECF94-D0EB-4158-B21E-98D93FDD6024}"
EndProject
Project("{9A19103F-16F7-4668-BE54-9A1E7A4F7556}") = "ShoppyEx.Order.Infrastructure", "ShoppyEx.Order.Infrastructure\ShoppyEx.Order.Infrastructure.csproj", "{02DF0464-67A7-4EB2-B05E-955C84FBBAC9}"
EndProject
Project("{2150E333-8FDC-42A3-9474-1A3956D46DE8}") = "Payment", "Payment", "{D4C1990B-0A66-48F7-B5E7-9A3B6B6215FD}"
EndProject
Project("{9A19103F-16F7-4668-BE54-9A1E7A4F7556}") = "ShoppyEx.Payment.Api", "ShoppyEx.Payment.Api\ShoppyEx.Payment.Api.csproj", "{FD481DAB-65EA-42B4-9E46-E358F8EF3270}"
EndProject
Project("{9A19103F-16F7-4668-BE54-9A1E7A4F7556}") = "ShoppyEx.Payment.Core", "ShoppyEx.Payment.Core\ShoppyEx.Payment.Core.csproj", "{A2D8ABFB-35FF-489A-9547-240A3BF126FD}"
EndProject
Project("{9A19103F-16F7-4668-BE54-9A1E7A4F7556}") = "ShoppyEx.Payment.Infrastructure", "ShoppyEx.Payment.Infrastructure\ShoppyEx.Payment.Infrastructure.csproj", "{FB1B05E2-1DC2-4552-A90C-BEAAD664EA1A}"
EndProject
Project("{2150E333-8FDC-42A3-9474-1A3956D46DE8}") = "Identity", "Identity", "{E16FC8BB-7828-47C5-9A38-9FF43DC7CF0A}"
EndProject
Project("{9A19103F-16F7-4668-BE54-9A1E7A4F7556}") = "ShoppyEx.Indentity.Api", "ShoppyEx.Indentity.Api\ShoppyEx.Indentity.Api.csproj", "{A6B8C233-D246-490A-BC4F-77C4506B8968}"
EndProject
Project("{9A19103F-16F7-4668-BE54-9A1E7A4F7556}") = "ShoppyEx.Indentity.Core", "ShoppyEx.Indentity.Core\ShoppyEx.Indentity.Core.csproj", "{03EB97F2-92FE-4B74-8565-1CED132390AE}"
EndProject
Project("{9A19103F-16F7-4668-BE54-9A1E7A4F7556}") = "ShoppyEx.Identity.Infrastructure", "ShoppyEx.Identity.Infrastructure\ShoppyEx.Identity.Infrastructure.csproj", "{008ECF42-CBAF-46DB-80DC-7F1301372A55}"
EndProject
Project("{2150E333-8FDC-42A3-9474-1A3956D46DE8}") = "Portal", "Portal", "{DE624424-1947-40E1-AB95-2CB44ED0B19D}"
EndProject
Project("{FAE04EC0-301F-11D3-BF4B-00C04F79EFBC}") = "ShoppyEx.Portal", "ShoppyEx.Portal\ShoppyEx.Portal.csproj", "{692D36B8-B8FF-472C-905A-ACF8FE453540}"
EndProject
Global
	GlobalSection(SolutionConfigurationPlatforms) = preSolution
		Debug|Any CPU = Debug|Any CPU
		Release|Any CPU = Release|Any CPU
	EndGlobalSection
	GlobalSection(ProjectConfigurationPlatforms) = postSolution
		{20196E77-2C1B-42D4-B70E-53021E3BDCC3}.Debug|Any CPU.ActiveCfg = Debug|Any CPU
		{20196E77-2C1B-42D4-B70E-53021E3BDCC3}.Debug|Any CPU.Build.0 = Debug|Any CPU
		{20196E77-2C1B-42D4-B70E-53021E3BDCC3}.Release|Any CPU.ActiveCfg = Release|Any CPU
		{20196E77-2C1B-42D4-B70E-53021E3BDCC3}.Release|Any CPU.Build.0 = Release|Any CPU
		{34C0D9E3-9E7A-439B-8AAB-96B0ED870F97}.Debug|Any CPU.ActiveCfg = Debug|Any CPU
		{34C0D9E3-9E7A-439B-8AAB-96B0ED870F97}.Debug|Any CPU.Build.0 = Debug|Any CPU
		{34C0D9E3-9E7A-439B-8AAB-96B0ED870F97}.Release|Any CPU.ActiveCfg = Release|Any CPU
		{34C0D9E3-9E7A-439B-8AAB-96B0ED870F97}.Release|Any CPU.Build.0 = Release|Any CPU
		{6C67E62C-E4EF-4B44-BCDD-5C45AAA1CA09}.Debug|Any CPU.ActiveCfg = Debug|Any CPU
		{6C67E62C-E4EF-4B44-BCDD-5C45AAA1CA09}.Debug|Any CPU.Build.0 = Debug|Any CPU
		{6C67E62C-E4EF-4B44-BCDD-5C45AAA1CA09}.Release|Any CPU.ActiveCfg = Release|Any CPU
		{6C67E62C-E4EF-4B44-BCDD-5C45AAA1CA09}.Release|Any CPU.Build.0 = Release|Any CPU
		{AC587306-EAC7-4449-923E-56BE2AB59B1F}.Debug|Any CPU.ActiveCfg = Debug|Any CPU
		{AC587306-EAC7-4449-923E-56BE2AB59B1F}.Debug|Any CPU.Build.0 = Debug|Any CPU
		{AC587306-EAC7-4449-923E-56BE2AB59B1F}.Release|Any CPU.ActiveCfg = Release|Any CPU
		{AC587306-EAC7-4449-923E-56BE2AB59B1F}.Release|Any CPU.Build.0 = Release|Any CPU
		{FC3759DF-0834-4092-BAC2-E51D74825217}.Debug|Any CPU.ActiveCfg = Debug|Any CPU
		{FC3759DF-0834-4092-BAC2-E51D74825217}.Debug|Any CPU.Build.0 = Debug|Any CPU
		{FC3759DF-0834-4092-BAC2-E51D74825217}.Release|Any CPU.ActiveCfg = Release|Any CPU
		{FC3759DF-0834-4092-BAC2-E51D74825217}.Release|Any CPU.Build.0 = Release|Any CPU
		{339F02E7-A9C2-4A88-81BC-C20355A7BDCE}.Debug|Any CPU.ActiveCfg = Debug|Any CPU
		{339F02E7-A9C2-4A88-81BC-C20355A7BDCE}.Debug|Any CPU.Build.0 = Debug|Any CPU
		{339F02E7-A9C2-4A88-81BC-C20355A7BDCE}.Release|Any CPU.ActiveCfg = Release|Any CPU
		{339F02E7-A9C2-4A88-81BC-C20355A7BDCE}.Release|Any CPU.Build.0 = Release|Any CPU
		{37ACCC01-F35D-47A7-A0FA-BDF246521719}.Debug|Any CPU.ActiveCfg = Debug|Any CPU
		{37ACCC01-F35D-47A7-A0FA-BDF246521719}.Debug|Any CPU.Build.0 = Debug|Any CPU
		{37ACCC01-F35D-47A7-A0FA-BDF246521719}.Release|Any CPU.ActiveCfg = Release|Any CPU
		{37ACCC01-F35D-47A7-A0FA-BDF246521719}.Release|Any CPU.Build.0 = Release|Any CPU
		{417F85BB-9619-4EBA-ABF5-3F57475D7F78}.Debug|Any CPU.ActiveCfg = Debug|Any CPU
		{417F85BB-9619-4EBA-ABF5-3F57475D7F78}.Debug|Any CPU.Build.0 = Debug|Any CPU
		{417F85BB-9619-4EBA-ABF5-3F57475D7F78}.Release|Any CPU.ActiveCfg = Release|Any CPU
		{417F85BB-9619-4EBA-ABF5-3F57475D7F78}.Release|Any CPU.Build.0 = Release|Any CPU
		{E6B30060-3817-4E8D-9785-B664CE0BD54A}.Debug|Any CPU.ActiveCfg = Debug|Any CPU
		{E6B30060-3817-4E8D-9785-B664CE0BD54A}.Debug|Any CPU.Build.0 = Debug|Any CPU
		{E6B30060-3817-4E8D-9785-B664CE0BD54A}.Release|Any CPU.ActiveCfg = Release|Any CPU
		{E6B30060-3817-4E8D-9785-B664CE0BD54A}.Release|Any CPU.Build.0 = Release|Any CPU
		{EE9ECF94-D0EB-4158-B21E-98D93FDD6024}.Debug|Any CPU.ActiveCfg = Debug|Any CPU
		{EE9ECF94-D0EB-4158-B21E-98D93FDD6024}.Debug|Any CPU.Build.0 = Debug|Any CPU
		{EE9ECF94-D0EB-4158-B21E-98D93FDD6024}.Release|Any CPU.ActiveCfg = Release|Any CPU
		{EE9ECF94-D0EB-4158-B21E-98D93FDD6024}.Release|Any CPU.Build.0 = Release|Any CPU
		{02DF0464-67A7-4EB2-B05E-955C84FBBAC9}.Debug|Any CPU.ActiveCfg = Debug|Any CPU
		{02DF0464-67A7-4EB2-B05E-955C84FBBAC9}.Debug|Any CPU.Build.0 = Debug|Any CPU
		{02DF0464-67A7-4EB2-B05E-955C84FBBAC9}.Release|Any CPU.ActiveCfg = Release|Any CPU
		{02DF0464-67A7-4EB2-B05E-955C84FBBAC9}.Release|Any CPU.Build.0 = Release|Any CPU
		{FD481DAB-65EA-42B4-9E46-E358F8EF3270}.Debug|Any CPU.ActiveCfg = Debug|Any CPU
		{FD481DAB-65EA-42B4-9E46-E358F8EF3270}.Debug|Any CPU.Build.0 = Debug|Any CPU
		{FD481DAB-65EA-42B4-9E46-E358F8EF3270}.Release|Any CPU.ActiveCfg = Release|Any CPU
		{FD481DAB-65EA-42B4-9E46-E358F8EF3270}.Release|Any CPU.Build.0 = Release|Any CPU
		{A2D8ABFB-35FF-489A-9547-240A3BF126FD}.Debug|Any CPU.ActiveCfg = Debug|Any CPU
		{A2D8ABFB-35FF-489A-9547-240A3BF126FD}.Debug|Any CPU.Build.0 = Debug|Any CPU
		{A2D8ABFB-35FF-489A-9547-240A3BF126FD}.Release|Any CPU.ActiveCfg = Release|Any CPU
		{A2D8ABFB-35FF-489A-9547-240A3BF126FD}.Release|Any CPU.Build.0 = Release|Any CPU
		{FB1B05E2-1DC2-4552-A90C-BEAAD664EA1A}.Debug|Any CPU.ActiveCfg = Debug|Any CPU
		{FB1B05E2-1DC2-4552-A90C-BEAAD664EA1A}.Debug|Any CPU.Build.0 = Debug|Any CPU
		{FB1B05E2-1DC2-4552-A90C-BEAAD664EA1A}.Release|Any CPU.ActiveCfg = Release|Any CPU
		{FB1B05E2-1DC2-4552-A90C-BEAAD664EA1A}.Release|Any CPU.Build.0 = Release|Any CPU
		{A6B8C233-D246-490A-BC4F-77C4506B8968}.Debug|Any CPU.ActiveCfg = Debug|Any CPU
		{A6B8C233-D246-490A-BC4F-77C4506B8968}.Debug|Any CPU.Build.0 = Debug|Any CPU
		{A6B8C233-D246-490A-BC4F-77C4506B8968}.Release|Any CPU.ActiveCfg = Release|Any CPU
		{A6B8C233-D246-490A-BC4F-77C4506B8968}.Release|Any CPU.Build.0 = Release|Any CPU
		{03EB97F2-92FE-4B74-8565-1CED132390AE}.Debug|Any CPU.ActiveCfg = Debug|Any CPU
		{03EB97F2-92FE-4B74-8565-1CED132390AE}.Debug|Any CPU.Build.0 = Debug|Any CPU
		{03EB97F2-92FE-4B74-8565-1CED132390AE}.Release|Any CPU.ActiveCfg = Release|Any CPU
		{03EB97F2-92FE-4B74-8565-1CED132390AE}.Release|Any CPU.Build.0 = Release|Any CPU
		{008ECF42-CBAF-46DB-80DC-7F1301372A55}.Debug|Any CPU.ActiveCfg = Debug|Any CPU
		{008ECF42-CBAF-46DB-80DC-7F1301372A55}.Debug|Any CPU.Build.0 = Debug|Any CPU
		{008ECF42-CBAF-46DB-80DC-7F1301372A55}.Release|Any CPU.ActiveCfg = Release|Any CPU
		{008ECF42-CBAF-46DB-80DC-7F1301372A55}.Release|Any CPU.Build.0 = Release|Any CPU
		{692D36B8-B8FF-472C-905A-ACF8FE453540}.Debug|Any CPU.ActiveCfg = Debug|Any CPU
		{692D36B8-B8FF-472C-905A-ACF8FE453540}.Debug|Any CPU.Build.0 = Debug|Any CPU
		{692D36B8-B8FF-472C-905A-ACF8FE453540}.Release|Any CPU.ActiveCfg = Release|Any CPU
		{692D36B8-B8FF-472C-905A-ACF8FE453540}.Release|Any CPU.Build.0 = Release|Any CPU
	EndGlobalSection
	GlobalSection(SolutionProperties) = preSolution
		HideSolutionNode = FALSE
	EndGlobalSection
	GlobalSection(NestedProjects) = preSolution
		{20196E77-2C1B-42D4-B70E-53021E3BDCC3} = {994DEE51-0FD5-4C7E-8D9E-6CD63E722EE1}
		{34C0D9E3-9E7A-439B-8AAB-96B0ED870F97} = {BC3D16FA-6347-40B8-8F91-E3ABC350B590}
		{6C67E62C-E4EF-4B44-BCDD-5C45AAA1CA09} = {994DEE51-0FD5-4C7E-8D9E-6CD63E722EE1}
		{AC587306-EAC7-4449-923E-56BE2AB59B1F} = {994DEE51-0FD5-4C7E-8D9E-6CD63E722EE1}
		{FC3759DF-0834-4092-BAC2-E51D74825217} = {78585005-26BA-41AD-9BEF-0D9C4ADE5C21}
		{339F02E7-A9C2-4A88-81BC-C20355A7BDCE} = {7171633D-5980-4825-95A0-5C6352F9480A}
		{37ACCC01-F35D-47A7-A0FA-BDF246521719} = {7171633D-5980-4825-95A0-5C6352F9480A}
		{417F85BB-9619-4EBA-ABF5-3F57475D7F78} = {7171633D-5980-4825-95A0-5C6352F9480A}
		{E6B30060-3817-4E8D-9785-B664CE0BD54A} = {7F5CB037-98FF-44CD-A01B-F99397EDA9FD}
		{EE9ECF94-D0EB-4158-B21E-98D93FDD6024} = {7F5CB037-98FF-44CD-A01B-F99397EDA9FD}
		{02DF0464-67A7-4EB2-B05E-955C84FBBAC9} = {7F5CB037-98FF-44CD-A01B-F99397EDA9FD}
		{FD481DAB-65EA-42B4-9E46-E358F8EF3270} = {D4C1990B-0A66-48F7-B5E7-9A3B6B6215FD}
		{A2D8ABFB-35FF-489A-9547-240A3BF126FD} = {D4C1990B-0A66-48F7-B5E7-9A3B6B6215FD}
		{FB1B05E2-1DC2-4552-A90C-BEAAD664EA1A} = {D4C1990B-0A66-48F7-B5E7-9A3B6B6215FD}
		{A6B8C233-D246-490A-BC4F-77C4506B8968} = {E16FC8BB-7828-47C5-9A38-9FF43DC7CF0A}
		{03EB97F2-92FE-4B74-8565-1CED132390AE} = {E16FC8BB-7828-47C5-9A38-9FF43DC7CF0A}
		{008ECF42-CBAF-46DB-80DC-7F1301372A55} = {E16FC8BB-7828-47C5-9A38-9FF43DC7CF0A}
		{692D36B8-B8FF-472C-905A-ACF8FE453540} = {DE624424-1947-40E1-AB95-2CB44ED0B19D}
	EndGlobalSection
	GlobalSection(ExtensibilityGlobals) = postSolution
		SolutionGuid = {291C16B5-1312-4DAF-848D-E786AEF63BB8}
	EndGlobalSection
EndGlobal
